dependencies:
  espressif/mdns:
    component_hash: 5c148bc0996305bcf111c465bba021a8155d4247b0d9353c39da9b44a91ca381
    dependencies:
    - name: idf
      require: private
      version: '>=5.0'
    source:
      registry_url: https://components.espressif.com/
      type: service
    version: 1.9.0
  idf:
    source:
      type: idf
    version: 5.4.1
direct_dependencies:
- espressif/mdns
- idf
manifest_hash: 6772a043a25b26155ce8349bab21aebe400cf0d18f372f1cbf1d10d67813729d
target: esp32
version: 2.0.0
